
Microsoft Visual Studio Solution File, Format Version 12.00
# Visual Studio Version 16
VisualStudioVersion = 16.0.30717.126
MinimumVisualStudioVersion = 10.0.40219.1
Project("{FAE04EC0-301F-11D3-BF4B-00C04F79EFBC}") = "ch07_product-manager", "ch07_product-manager\ch07_product-manager.csproj", "{5FCC95C4-B619-481B-95DA-F92FA073D54B}"
EndProject
Global
	GlobalSection(SolutionConfigurationPlatforms) = preSolution
		Debug|Any CPU = Debug|Any CPU
		Release|Any CPU = Release|Any CPU
	EndGlobalSection
	GlobalSection(ProjectConfigurationPlatforms) = postSolution
		{5FCC95C4-B619-481B-95DA-F92FA073D54B}.Debug|Any CPU.ActiveCfg = Debug|Any CPU
		{5FCC95C4-B619-481B-95DA-F92FA073D54B}.Debug|Any CPU.Build.0 = Debug|Any CPU
		{5FCC95C4-B619-481B-95DA-F92FA073D54B}.Release|Any CPU.ActiveCfg = Release|Any CPU
		{5FCC95C4-B619-481B-95DA-F92FA073D54B}.Release|Any CPU.Build.0 = Release|Any CPU
	EndGlobalSection
	GlobalSection(SolutionProperties) = preSolution
		HideSolutionNode = FALSE
	EndGlobalSection
	GlobalSection(ExtensibilityGlobals) = postSolution
		SolutionGuid = {7197F3AA-C608-45AE-AEFF-B1021EAF95D4}
	EndGlobalSection
EndGlobal
