
Microsoft Visual Studio Solution File, Format Version 12.00
# Visual Studio Version 16
VisualStudioVersion = 16.0.30717.126
MinimumVisualStudioVersion = 10.0.40219.1
Project("{FAE04EC0-301F-11D3-BF4B-00C04F79EFBC}") = "ch05_DiceRoller", "ch05_DiceRoller\ch05_DiceRoller.csproj", "{8DB6FD2F-DDAD-48F2-A8DD-C6E5C142E809}"
EndProject
Global
	GlobalSection(SolutionConfigurationPlatforms) = preSolution
		Debug|Any CPU = Debug|Any CPU
		Release|Any CPU = Release|Any CPU
	EndGlobalSection
	GlobalSection(ProjectConfigurationPlatforms) = postSolution
		{8DB6FD2F-DDAD-48F2-A8DD-C6E5C142E809}.Debug|Any CPU.ActiveCfg = Debug|Any CPU
		{8DB6FD2F-DDAD-48F2-A8DD-C6E5C142E809}.Debug|Any CPU.Build.0 = Debug|Any CPU
		{8DB6FD2F-DDAD-48F2-A8DD-C6E5C142E809}.Release|Any CPU.ActiveCfg = Release|Any CPU
		{8DB6FD2F-DDAD-48F2-A8DD-C6E5C142E809}.Release|Any CPU.Build.0 = Release|Any CPU
	EndGlobalSection
	GlobalSection(SolutionProperties) = preSolution
		HideSolutionNode = FALSE
	EndGlobalSection
	GlobalSection(ExtensibilityGlobals) = postSolution
		SolutionGuid = {96D9166A-79FC-4213-A999-7B517B152641}
	EndGlobalSection
EndGlobal
