
Microsoft Visual Studio Solution File, Format Version 12.00
# Visual Studio Version 16
VisualStudioVersion = 16.0.30717.126
MinimumVisualStudioVersion = 10.0.40219.1
Project("{FAE04EC0-301F-11D3-BF4B-00C04F79EFBC}") = "HelloWorld", "HelloWorld\HelloWorld.csproj", "{3F145C35-F524-42B7-BC51-509221AE26EC}"
EndProject
Global
	GlobalSection(SolutionConfigurationPlatforms) = preSolution
		Debug|Any CPU = Debug|Any CPU
		Release|Any CPU = Release|Any CPU
	EndGlobalSection
	GlobalSection(ProjectConfigurationPlatforms) = postSolution
		{3F145C35-F524-42B7-BC51-509221AE26EC}.Debug|Any CPU.ActiveCfg = Debug|Any CPU
		{3F145C35-F524-42B7-BC51-509221AE26EC}.Debug|Any CPU.Build.0 = Debug|Any CPU
		{3F145C35-F524-42B7-BC51-509221AE26EC}.Release|Any CPU.ActiveCfg = Release|Any CPU
		{3F145C35-F524-42B7-BC51-509221AE26EC}.Release|Any CPU.Build.0 = Release|Any CPU
	EndGlobalSection
	GlobalSection(SolutionProperties) = preSolution
		HideSolutionNode = FALSE
	EndGlobalSection
	GlobalSection(ExtensibilityGlobals) = postSolution
		SolutionGuid = {38F3F848-609E-4975-8038-39C00C8204EB}
	EndGlobalSection
EndGlobal
