
Microsoft Visual Studio Solution File, Format Version 12.00
# Visual Studio Version 16
VisualStudioVersion = 16.0.30717.126
MinimumVisualStudioVersion = 10.0.40219.1
Project("{FAE04EC0-301F-11D3-BF4B-00C04F79EFBC}") = "ch12_list", "ch12_list\ch12_list.csproj", "{FAA41D6F-4A9F-46CE-8159-9844D8100EFE}"
EndProject
Global
	GlobalSection(SolutionConfigurationPlatforms) = preSolution
		Debug|Any CPU = Debug|Any CPU
		Release|Any CPU = Release|Any CPU
	EndGlobalSection
	GlobalSection(ProjectConfigurationPlatforms) = postSolution
		{FAA41D6F-4A9F-46CE-8159-9844D8100EFE}.Debug|Any CPU.ActiveCfg = Debug|Any CPU
		{FAA41D6F-4A9F-46CE-8159-9844D8100EFE}.Debug|Any CPU.Build.0 = Debug|Any CPU
		{FAA41D6F-4A9F-46CE-8159-9844D8100EFE}.Release|Any CPU.ActiveCfg = Release|Any CPU
		{FAA41D6F-4A9F-46CE-8159-9844D8100EFE}.Release|Any CPU.Build.0 = Release|Any CPU
	EndGlobalSection
	GlobalSection(SolutionProperties) = preSolution
		HideSolutionNode = FALSE
	EndGlobalSection
	GlobalSection(ExtensibilityGlobals) = postSolution
		SolutionGuid = {7F9BB63E-DF9F-415F-A2EA-32BF09A1707C}
	EndGlobalSection
EndGlobal
