
Microsoft Visual Studio Solution File, Format Version 12.00
# Visual Studio Version 16
VisualStudioVersion = 16.0.30717.126
MinimumVisualStudioVersion = 10.0.40219.1
Project("{FAE04EC0-301F-11D3-BF4B-00C04F79EFBC}") = "ch03_TimeTravelCalculator", "ch03_TimeTravelCalculator\ch03_TimeTravelCalculator.csproj", "{39BEB849-FB39-44F6-83C1-E633B49B8452}"
EndProject
Global
	GlobalSection(SolutionConfigurationPlatforms) = preSolution
		Debug|Any CPU = Debug|Any CPU
		Release|Any CPU = Release|Any CPU
	EndGlobalSection
	GlobalSection(ProjectConfigurationPlatforms) = postSolution
		{39BEB849-FB39-44F6-83C1-E633B49B8452}.Debug|Any CPU.ActiveCfg = Debug|Any CPU
		{39BEB849-FB39-44F6-83C1-E633B49B8452}.Debug|Any CPU.Build.0 = Debug|Any CPU
		{39BEB849-FB39-44F6-83C1-E633B49B8452}.Release|Any CPU.ActiveCfg = Release|Any CPU
		{39BEB849-FB39-44F6-83C1-E633B49B8452}.Release|Any CPU.Build.0 = Release|Any CPU
	EndGlobalSection
	GlobalSection(SolutionProperties) = preSolution
		HideSolutionNode = FALSE
	EndGlobalSection
	GlobalSection(ExtensibilityGlobals) = postSolution
		SolutionGuid = {89C96517-253C-4F85-B6A3-C2821B26E70C}
	EndGlobalSection
EndGlobal
