
Microsoft Visual Studio Solution File, Format Version 12.00
# Visual Studio Version 16
VisualStudioVersion = 16.0.30717.126
MinimumVisualStudioVersion = 10.0.40219.1
Project("{FAE04EC0-301F-11D3-BF4B-00C04F79EFBC}") = "makeChocolate", "makeChocolate\makeChocolate.csproj", "{41141621-A809-46DE-BC69-862535843E16}"
EndProject
Global
	GlobalSection(SolutionConfigurationPlatforms) = preSolution
		Debug|Any CPU = Debug|Any CPU
		Release|Any CPU = Release|Any CPU
	EndGlobalSection
	GlobalSection(ProjectConfigurationPlatforms) = postSolution
		{41141621-A809-46DE-BC69-862535843E16}.Debug|Any CPU.ActiveCfg = Debug|Any CPU
		{41141621-A809-46DE-BC69-862535843E16}.Debug|Any CPU.Build.0 = Debug|Any CPU
		{41141621-A809-46DE-BC69-862535843E16}.Release|Any CPU.ActiveCfg = Release|Any CPU
		{41141621-A809-46DE-BC69-862535843E16}.Release|Any CPU.Build.0 = Release|Any CPU
	EndGlobalSection
	GlobalSection(SolutionProperties) = preSolution
		HideSolutionNode = FALSE
	EndGlobalSection
	GlobalSection(ExtensibilityGlobals) = postSolution
		SolutionGuid = {9426AAF5-D492-44D5-AC85-0C9EBF8F3632}
	EndGlobalSection
EndGlobal
