
Microsoft Visual Studio Solution File, Format Version 12.00
# Visual Studio Version 16
VisualStudioVersion = 16.0.30717.126
MinimumVisualStudioVersion = 10.0.40219.1
Project("{FAE04EC0-301F-11D3-BF4B-00C04F79EFBC}") = "ch05_OptionalArguments", "ch05_OptionalArguments\ch05_OptionalArguments.csproj", "{D01CBE2F-B347-43DB-BB9B-D24C868AD219}"
EndProject
Global
	GlobalSection(SolutionConfigurationPlatforms) = preSolution
		Debug|Any CPU = Debug|Any CPU
		Release|Any CPU = Release|Any CPU
	EndGlobalSection
	GlobalSection(ProjectConfigurationPlatforms) = postSolution
		{D01CBE2F-B347-43DB-BB9B-D24C868AD219}.Debug|Any CPU.ActiveCfg = Debug|Any CPU
		{D01CBE2F-B347-43DB-BB9B-D24C868AD219}.Debug|Any CPU.Build.0 = Debug|Any CPU
		{D01CBE2F-B347-43DB-BB9B-D24C868AD219}.Release|Any CPU.ActiveCfg = Release|Any CPU
		{D01CBE2F-B347-43DB-BB9B-D24C868AD219}.Release|Any CPU.Build.0 = Release|Any CPU
	EndGlobalSection
	GlobalSection(SolutionProperties) = preSolution
		HideSolutionNode = FALSE
	EndGlobalSection
	GlobalSection(ExtensibilityGlobals) = postSolution
		SolutionGuid = {0586F7C4-0FD6-436A-810E-D53BFB48D332}
	EndGlobalSection
EndGlobal
